
Microsoft Visual Studio Solution File, Format Version 12.00
# Visual Studio Version 16
VisualStudioVersion = 16.0.30413.136
MinimumVisualStudioVersion = 10.0.40219.1
Project("{8BC9CEB8-8B4A-11D0-8D11-00A0C91BC942}") = "class_train", "class_train\class_train.vcxproj", "{55AB7AFF-068F-47DD-A858-E88F98F3F687}"
EndProject
Global
	GlobalSection(SolutionConfigurationPlatforms) = preSolution
		Debug|x64 = Debug|x64
		Release|x64 = Release|x64
	EndGlobalSection
	GlobalSection(ProjectConfigurationPlatforms) = postSolution
		{55AB7AFF-068F-47DD-A858-E88F98F3F687}.Debug|x64.ActiveCfg = Debug|x64
		{55AB7AFF-068F-47DD-A858-E88F98F3F687}.Debug|x64.Build.0 = Debug|x64
		{55AB7AFF-068F-47DD-A858-E88F98F3F687}.Release|x64.ActiveCfg = Release|x64
		{55AB7AFF-068F-47DD-A858-E88F98F3F687}.Release|x64.Build.0 = Release|x64
	EndGlobalSection
	GlobalSection(SolutionProperties) = preSolution
		HideSolutionNode = FALSE
	EndGlobalSection
	GlobalSection(ExtensibilityGlobals) = postSolution
		SolutionGuid = {CDC1554A-D588-4811-B647-A5F3E541D4DC}
	EndGlobalSection
EndGlobal
